
Microsoft Visual Studio Solution File, Format Version 12.00
# Visual Studio Version 17
VisualStudioVersion = 17.5.002.0
MinimumVisualStudioVersion = 10.0.40219.1
Project("{9A19103F-16F7-4668-BE54-9A1E7A4F7556}") = "SimpleEnterpriseFramework.DataAccess", "SimpleEnterpriseFramework.DataAccess.csproj", "{33C05732-3518-469F-9EA1-590E9B2C0C23}"
EndProject
Global
	GlobalSection(SolutionConfigurationPlatforms) = preSolution
		Debug|Any CPU = Debug|Any CPU
		Release|Any CPU = Release|Any CPU
	EndGlobalSection
	GlobalSection(ProjectConfigurationPlatforms) = postSolution
		{33C05732-3518-469F-9EA1-590E9B2C0C23}.Debug|Any CPU.ActiveCfg = Debug|Any CPU
		{33C05732-3518-469F-9EA1-590E9B2C0C23}.Debug|Any CPU.Build.0 = Debug|Any CPU
		{33C05732-3518-469F-9EA1-590E9B2C0C23}.Release|Any CPU.ActiveCfg = Release|Any CPU
		{33C05732-3518-469F-9EA1-590E9B2C0C23}.Release|Any CPU.Build.0 = Release|Any CPU
	EndGlobalSection
	GlobalSection(SolutionProperties) = preSolution
		HideSolutionNode = FALSE
	EndGlobalSection
	GlobalSection(ExtensibilityGlobals) = postSolution
		SolutionGuid = {39DBBAC9-6549-4769-97EA-914B6F009B53}
	EndGlobalSection
EndGlobal
